
Microsoft Visual Studio Solution File, Format Version 12.00
# Visual Studio Version 17
VisualStudioVersion = 17.3.32825.248
MinimumVisualStudioVersion = 10.0.40219.1
Project("{8BC9CEB8-8B4A-11D0-8D11-00A0C91BC942}") = "Chapter10", "Chapter10\Chapter10.vcxproj", "{204D9EF2-1C9B-462C-904D-416323D4BD92}"
EndProject
Global
	GlobalSection(SolutionConfigurationPlatforms) = preSolution
		Debug|x64 = Debug|x64
		Debug|x86 = Debug|x86
		Release|x64 = Release|x64
		Release|x86 = Release|x86
	EndGlobalSection
	GlobalSection(ProjectConfigurationPlatforms) = postSolution
		{204D9EF2-1C9B-462C-904D-416323D4BD92}.Debug|x64.ActiveCfg = Debug|x64
		{204D9EF2-1C9B-462C-904D-416323D4BD92}.Debug|x64.Build.0 = Debug|x64
		{204D9EF2-1C9B-462C-904D-416323D4BD92}.Debug|x86.ActiveCfg = Debug|Win32
		{204D9EF2-1C9B-462C-904D-416323D4BD92}.Debug|x86.Build.0 = Debug|Win32
		{204D9EF2-1C9B-462C-904D-416323D4BD92}.Release|x64.ActiveCfg = Release|x64
		{204D9EF2-1C9B-462C-904D-416323D4BD92}.Release|x64.Build.0 = Release|x64
		{204D9EF2-1C9B-462C-904D-416323D4BD92}.Release|x86.ActiveCfg = Release|Win32
		{204D9EF2-1C9B-462C-904D-416323D4BD92}.Release|x86.Build.0 = Release|Win32
	EndGlobalSection
	GlobalSection(SolutionProperties) = preSolution
		HideSolutionNode = FALSE
	EndGlobalSection
	GlobalSection(ExtensibilityGlobals) = postSolution
		SolutionGuid = {74D54268-879C-4591-9D24-AB2FE8ED06E0}
	EndGlobalSection
EndGlobal
