<?xml version="1.0" encoding="utf-8"?>
<Project ToolsVersion="4.0" xmlns="http://schemas.microsoft.com/developer/msbuild/2003">
  <ItemGroup>
    <Filter Include="Source Files">
      <UniqueIdentifier>{4FC737F1-C7A5-4376-A066-2A32D752A2FF}</UniqueIdentifier>
      <Extensions>cpp;c;cc;cxx;c++;cppm;ixx;def;odl;idl;hpj;bat;asm;asmx</Extensions>
    </Filter>
    <Filter Include="Header Files">
      <UniqueIdentifier>{93995380-89BD-4b04-88EB-625FBE52EBFB}</UniqueIdentifier>
      <Extensions>h;hh;hpp;hxx;h++;hm;inl;inc;ipp;xsd</Extensions>
    </Filter>
    <Filter Include="Resource Files">
      <UniqueIdentifier>{67DA6AB6-F800-4c08-8B7A-83BB121AAD01}</UniqueIdentifier>
      <Extensions>rc;ico;cur;bmp;dlg;rc2;rct;bin;rgs;gif;jpg;jpeg;jpe;resx;tiff;tif;png;wav;mfcribbon-ms</Extensions>
    </Filter>
  </ItemGroup>
  <ItemGroup>
    <ClCompile Include="stdlistmain.cpp">
      <Filter>Source Files</Filter>
    </ClCompile>
    <ClCompile Include="priorityqueuesimple.cpp">
      <Filter>Source Files</Filter>
    </ClCompile>
    <ClCompile Include="calloperator.cpp">
      <Filter>Source Files</Filter>
    </ClCompile>
    <ClCompile Include="reversepriority.cpp">
      <Filter>Source Files</Filter>
    </ClCompile>
    <ClCompile Include="complexdiff.cpp">
      <Filter>Source Files</Filter>
    </ClCompile>
    <ClCompile Include="messagepriority.cpp">
      <Filter>Source Files</Filter>
    </ClCompile>
    <ClCompile Include="simpleiterator.cpp">
      <Filter>Source Files</Filter>
    </ClCompile>
    <ClCompile Include="iteratorloop.cpp">
      <Filter>Source Files</Filter>
    </ClCompile>
    <ClCompile Include="iteratorloopmethods.cpp">
      <Filter>Source Files</Filter>
    </ClCompile>
    <ClCompile Include="iteratorlooparray.cpp">
      <Filter>Source Files</Filter>
    </ClCompile>
    <ClCompile Include="iteraith.cpp">
      <Filter>Source Files</Filter>
    </ClCompile>
    <ClCompile Include="countitems.cpp">
      <Filter>Source Files</Filter>
    </ClCompile>
    <ClCompile Include="genericcount.cpp">
      <Filter>Source Files</Filter>
    </ClCompile>
    <ClCompile Include="genericloggingflelixblesort.cpp">
      <Filter>Source Files</Filter>
    </ClCompile>
    <ClCompile Include="closurein.cpp">
      <Filter>Source Files</Filter>
    </ClCompile>
    <ClCompile Include="makeadder.cpp">
      <Filter>Source Files</Filter>
    </ClCompile>
    <ClCompile Include="derivative.cpp">
      <Filter>Source Files</Filter>
    </ClCompile>
    <ClCompile Include="inclements.cpp">
      <Filter>Source Files</Filter>
    </ClCompile>
    <ClCompile Include="sumvec.cpp">
      <Filter>Source Files</Filter>
    </ClCompile>
    <ClCompile Include="testfind.cpp">
      <Filter>Source Files</Filter>
    </ClCompile>
    <ClCompile Include="testtransform.cpp">
      <Filter>Source Files</Filter>
    </ClCompile>
    <ClCompile Include="trimvector.cpp">
      <Filter>Source Files</Filter>
    </ClCompile>
    <ClCompile Include="uppercasestring.cpp">
      <Filter>Source Files</Filter>
    </ClCompile>
    <ClCompile Include="copytostream.cpp">
      <Filter>Source Files</Filter>
    </ClCompile>
    <ClCompile Include="copytofile.cpp">
      <Filter>Source Files</Filter>
    </ClCompile>
    <ClCompile Include="copyevens.cpp">
      <Filter>Source Files</Filter>
    </ClCompile>
    <ClCompile Include="testshuffle.cpp">
      <Filter>Source Files</Filter>
    </ClCompile>
    <ClCompile Include="testgenerate.cpp">
      <Filter>Source Files</Filter>
    </ClCompile>
    <ClCompile Include="testaccumulate.cpp">
      <Filter>Source Files</Filter>
    </ClCompile>
    <ClCompile Include="teststrconcat.cpp">
      <Filter>Source Files</Filter>
    </ClCompile>
    <ClCompile Include="testpartition.cpp">
      <Filter>Source Files</Filter>
    </ClCompile>
    <ClCompile Include="testmerge.cpp">
      <Filter>Source Files</Filter>
    </ClCompile>
    <ClCompile Include="removeonly.cpp">
      <Filter>Source Files</Filter>
    </ClCompile>
    <ClCompile Include="vectorerase.cpp">
      <Filter>Source Files</Filter>
    </ClCompile>
    <ClCompile Include="testremove.cpp">
      <Filter>Source Files</Filter>
    </ClCompile>
    <ClCompile Include="maxvector.cpp">
      <Filter>Source Files</Filter>
    </ClCompile>
    <ClCompile Include="bettermaxvector.cpp">
      <Filter>Source Files</Filter>
    </ClCompile>
    <ClCompile Include="vectutils.cpp">
      <Filter>Source Files</Filter>
    </ClCompile>
    <ClCompile Include="testns.cpp">
      <Filter>Source Files</Filter>
    </ClCompile>
  </ItemGroup>
  <ItemGroup>
    <ClInclude Include="..\..\..\chapter16\Chapter16\Chapter16\uniformrandom.h">
      <Filter>Header Files</Filter>
    </ClInclude>
    <ClInclude Include="uniformran.h">
      <Filter>Header Files</Filter>
    </ClInclude>
    <ClInclude Include="vectutils.h">
      <Filter>Header Files</Filter>
    </ClInclude>
  </ItemGroup>
</Project>