<?xml version="1.0" encoding="utf-8"?>
<Project ToolsVersion="4.0" xmlns="http://schemas.microsoft.com/developer/msbuild/2003">
  <ItemGroup>
    <Filter Include="Source Files">
      <UniqueIdentifier>{4FC737F1-C7A5-4376-A066-2A32D752A2FF}</UniqueIdentifier>
      <Extensions>cpp;c;cc;cxx;c++;cppm;ixx;def;odl;idl;hpj;bat;asm;asmx</Extensions>
    </Filter>
    <Filter Include="Header Files">
      <UniqueIdentifier>{93995380-89BD-4b04-88EB-625FBE52EBFB}</UniqueIdentifier>
      <Extensions>h;hh;hpp;hxx;h++;hm;inl;inc;ipp;xsd</Extensions>
    </Filter>
    <Filter Include="Resource Files">
      <UniqueIdentifier>{67DA6AB6-F800-4c08-8B7A-83BB121AAD01}</UniqueIdentifier>
      <Extensions>rc;ico;cur;bmp;dlg;rc2;rct;bin;rgs;gif;jpg;jpeg;jpe;resx;tiff;tif;png;wav;mfcribbon-ms</Extensions>
    </Filter>
  </ItemGroup>
  <ItemGroup>
    <ClCompile Include="printstreams.cpp">
      <Filter>Source Files</Filter>
    </ClCompile>
    <ClCompile Include="text.cpp">
      <Filter>Source Files</Filter>
    </ClCompile>
    <ClCompile Include="fancytext.cpp">
      <Filter>Source Files</Filter>
    </ClCompile>
    <ClCompile Include="fixedtext.cpp">
      <Filter>Source Files</Filter>
    </ClCompile>
    <ClCompile Include="testtext.cpp">
      <Filter>Source Files</Filter>
    </ClCompile>
    <ClCompile Include="vtablesize.cpp">
      <Filter>Source Files</Filter>
    </ClCompile>
    <ClCompile Include="polymorphicvector.cpp">
      <Filter>Source Files</Filter>
    </ClCompile>
    <ClCompile Include="alttext.cpp">
      <Filter>Source Files</Filter>
    </ClCompile>
    <ClCompile Include="testalttext.cpp">
      <Filter>Source Files</Filter>
    </ClCompile>
    <ClCompile Include="alttext2.cpp">
      <Filter>Source Files</Filter>
    </ClCompile>
    <ClCompile Include="testalttext2.cpp">
      <Filter>Source Files</Filter>
    </ClCompile>
    <ClCompile Include="boundedtext.cpp">
      <Filter>Source Files</Filter>
    </ClCompile>
    <ClCompile Include="testbounded.cpp">
      <Filter>Source Files</Filter>
    </ClCompile>
    <ClCompile Include="rectangle.cpp">
      <Filter>Source Files</Filter>
    </ClCompile>
    <ClCompile Include="square.cpp">
      <Filter>Source Files</Filter>
    </ClCompile>
    <ClCompile Include="triangle.cpp">
      <Filter>Source Files</Filter>
    </ClCompile>
    <ClCompile Include="ellipse.cpp">
      <Filter>Source Files</Filter>
    </ClCompile>
    <ClCompile Include="circle.cpp">
      <Filter>Source Files</Filter>
    </ClCompile>
    <ClCompile Include="testshapes.cpp">
      <Filter>Source Files</Filter>
    </ClCompile>
    <ClCompile Include="drawablerectangle.cpp">
      <Filter>Source Files</Filter>
    </ClCompile>
    <ClCompile Include="comparer.cpp">
      <Filter>Source Files</Filter>
    </ClCompile>
    <ClCompile Include="polymorphicsort.cpp">
      <Filter>Source Files</Filter>
    </ClCompile>
    <ClCompile Include="logcomparer.cpp">
      <Filter>Source Files</Filter>
    </ClCompile>
    <ClCompile Include="loggingsort.cpp">
      <Filter>Source Files</Filter>
    </ClCompile>
  </ItemGroup>
  <ItemGroup>
    <ClInclude Include="text.h">
      <Filter>Header Files</Filter>
    </ClInclude>
    <ClInclude Include="fancytext.h">
      <Filter>Header Files</Filter>
    </ClInclude>
    <ClInclude Include="fixedtext.h">
      <Filter>Header Files</Filter>
    </ClInclude>
    <ClInclude Include="alttext.h">
      <Filter>Header Files</Filter>
    </ClInclude>
    <ClInclude Include="alttext2.h">
      <Filter>Header Files</Filter>
    </ClInclude>
    <ClInclude Include="boundedtext.h">
      <Filter>Header Files</Filter>
    </ClInclude>
    <ClInclude Include="shape.h">
      <Filter>Header Files</Filter>
    </ClInclude>
    <ClInclude Include="rectangle.h">
      <Filter>Header Files</Filter>
    </ClInclude>
    <ClInclude Include="square.h">
      <Filter>Header Files</Filter>
    </ClInclude>
    <ClInclude Include="triangle.h">
      <Filter>Header Files</Filter>
    </ClInclude>
    <ClInclude Include="ellipse.h">
      <Filter>Header Files</Filter>
    </ClInclude>
    <ClInclude Include="circle.h">
      <Filter>Header Files</Filter>
    </ClInclude>
    <ClInclude Include="comparer.h">
      <Filter>Header Files</Filter>
    </ClInclude>
    <ClInclude Include="logcomparer.h">
      <Filter>Header Files</Filter>
    </ClInclude>
  </ItemGroup>
</Project>