<?xml version="1.0" encoding="utf-8"?>
<Project ToolsVersion="4.0" xmlns="http://schemas.microsoft.com/developer/msbuild/2003">
  <ItemGroup>
    <Filter Include="Source Files">
      <UniqueIdentifier>{4FC737F1-C7A5-4376-A066-2A32D752A2FF}</UniqueIdentifier>
      <Extensions>cpp;c;cc;cxx;c++;cppm;ixx;def;odl;idl;hpj;bat;asm;asmx</Extensions>
    </Filter>
    <Filter Include="Header Files">
      <UniqueIdentifier>{93995380-89BD-4b04-88EB-625FBE52EBFB}</UniqueIdentifier>
      <Extensions>h;hh;hpp;hxx;h++;hm;inl;inc;ipp;xsd</Extensions>
    </Filter>
    <Filter Include="Resource Files">
      <UniqueIdentifier>{67DA6AB6-F800-4c08-8B7A-83BB121AAD01}</UniqueIdentifier>
      <Extensions>rc;ico;cur;bmp;dlg;rc2;rct;bin;rgs;gif;jpg;jpeg;jpe;resx;tiff;tif;png;wav;mfcribbon-ms</Extensions>
    </Filter>
  </ItemGroup>
  <ItemGroup>
    <ClCompile Include="howtodelete.cpp">
      <Filter>Source Files</Filter>
    </ClCompile>
    <ClCompile Include="manuallinkedlist.cpp">
      <Filter>Source Files</Filter>
    </ClCompile>
    <ClCompile Include="intlist1.cpp">
      <Filter>Source Files</Filter>
    </ClCompile>
    <ClCompile Include="listmain.cpp">
      <Filter>Source Files</Filter>
    </ClCompile>
    <ClCompile Include="intlist2.cpp">
      <Filter>Source Files</Filter>
    </ClCompile>
    <ClCompile Include="testf.cpp">
      <Filter>Source Files</Filter>
    </ClCompile>
    <ClCompile Include="intlist3.cpp">
      <Filter>Source Files</Filter>
    </ClCompile>
    <ClCompile Include="testf2.cpp">
      <Filter>Source Files</Filter>
    </ClCompile>
    <ClCompile Include="testdestructors.cpp">
      <Filter>Source Files</Filter>
    </ClCompile>
    <ClCompile Include="listassign.cpp">
      <Filter>Source Files</Filter>
    </ClCompile>
    <ClCompile Include="intlist4.cpp">
      <Filter>Source Files</Filter>
    </ClCompile>
    <ClCompile Include="templist.cpp">
      <Filter>Source Files</Filter>
    </ClCompile>
    <ClCompile Include="rvalueparams.cpp">
      <Filter>Source Files</Filter>
    </ClCompile>
    <ClCompile Include="intlist5.cpp">
      <Filter>Source Files</Filter>
    </ClCompile>
    <ClCompile Include="templist2.cpp">
      <Filter>Source Files</Filter>
    </ClCompile>
    <ClCompile Include="simplesharedptrtest.cpp">
      <Filter>Source Files</Filter>
    </ClCompile>
    <ClCompile Include="smartdelete.cpp">
      <Filter>Source Files</Filter>
    </ClCompile>
    <ClCompile Include="refcount.cpp">
      <Filter>Source Files</Filter>
    </ClCompile>
    <ClCompile Include="intlist6.h">
      <Filter>Header Files</Filter>
    </ClCompile>
    <ClCompile Include="intlist6.cpp">
      <Filter>Source Files</Filter>
    </ClCompile>
    <ClCompile Include="smartlist.cpp">
      <Filter>Source Files</Filter>
    </ClCompile>
  </ItemGroup>
  <ItemGroup>
    <ClInclude Include="intlist1.h">
      <Filter>Header Files</Filter>
    </ClInclude>
    <ClInclude Include="intlist2.h">
      <Filter>Header Files</Filter>
    </ClInclude>
    <ClInclude Include="intlist3.h">
      <Filter>Header Files</Filter>
    </ClInclude>
    <ClInclude Include="intlist4.h">
      <Filter>Header Files</Filter>
    </ClInclude>
    <ClInclude Include="intlist5.h">
      <Filter>Header Files</Filter>
    </ClInclude>
  </ItemGroup>
</Project>